
Microsoft Visual Studio Solution File, Format Version 12.00
# Visual Studio Version 17
VisualStudioVersion = 17.12.35527.113
MinimumVisualStudioVersion = 10.0.40219.1
Project("{8BC9CEB8-8B4A-11D0-8D11-00A0C91BC942}") = "legacyhook", "legacyhook.vcxproj", "{D3D10E5D-F450-4F87-A49B-15C6A6377E82}"
EndProject
Project("{FAE04EC0-301F-11D3-BF4B-00C04F79EFBC}") = "Loader", "Loader\Loader.csproj", "{48BDA20C-5664-4D53-88C7-8A3B8EEDA8C2}"
EndProject
Global
	GlobalSection(SolutionConfigurationPlatforms) = preSolution
		Debug|Any CPU = Debug|Any CPU
		Debug|x86 = Debug|x86
		Release|Any CPU = Release|Any CPU
		Release|x86 = Release|x86
	EndGlobalSection
	GlobalSection(ProjectConfigurationPlatforms) = postSolution
		{D3D10E5D-F450-4F87-A49B-15C6A6377E82}.Debug|Any CPU.ActiveCfg = Debug|x64
		{D3D10E5D-F450-4F87-A49B-15C6A6377E82}.Debug|Any CPU.Build.0 = Debug|x64
		{D3D10E5D-F450-4F87-A49B-15C6A6377E82}.Debug|x86.ActiveCfg = Debug|Win32
		{D3D10E5D-F450-4F87-A49B-15C6A6377E82}.Debug|x86.Build.0 = Debug|Win32
		{D3D10E5D-F450-4F87-A49B-15C6A6377E82}.Release|Any CPU.ActiveCfg = Release|x64
		{D3D10E5D-F450-4F87-A49B-15C6A6377E82}.Release|Any CPU.Build.0 = Release|x64
		{D3D10E5D-F450-4F87-A49B-15C6A6377E82}.Release|x86.ActiveCfg = Release|Win32
		{D3D10E5D-F450-4F87-A49B-15C6A6377E82}.Release|x86.Build.0 = Release|Win32
		{48BDA20C-5664-4D53-88C7-8A3B8EEDA8C2}.Debug|Any CPU.ActiveCfg = Debug|Any CPU
		{48BDA20C-5664-4D53-88C7-8A3B8EEDA8C2}.Debug|Any CPU.Build.0 = Debug|Any CPU
		{48BDA20C-5664-4D53-88C7-8A3B8EEDA8C2}.Debug|x86.ActiveCfg = Debug|Any CPU
		{48BDA20C-5664-4D53-88C7-8A3B8EEDA8C2}.Debug|x86.Build.0 = Debug|Any CPU
		{48BDA20C-5664-4D53-88C7-8A3B8EEDA8C2}.Release|Any CPU.ActiveCfg = Release|Any CPU
		{48BDA20C-5664-4D53-88C7-8A3B8EEDA8C2}.Release|Any CPU.Build.0 = Release|Any CPU
		{48BDA20C-5664-4D53-88C7-8A3B8EEDA8C2}.Release|x86.ActiveCfg = Release|Any CPU
		{48BDA20C-5664-4D53-88C7-8A3B8EEDA8C2}.Release|x86.Build.0 = Release|Any CPU
	EndGlobalSection
	GlobalSection(SolutionProperties) = preSolution
		HideSolutionNode = FALSE
	EndGlobalSection
	GlobalSection(ExtensibilityGlobals) = postSolution
		SolutionGuid = {DA9CA5D4-9F77-4503-A5BD-AAAAEF9AE28E}
	EndGlobalSection
EndGlobal
